
Microsoft Visual Studio Solution File, Format Version 12.00
# Visual Studio Version 17
VisualStudioVersion = 17.11.35327.3
MinimumVisualStudioVersion = 10.0.40219.1
Project("{FAE04EC0-301F-11D3-BF4B-00C04F79EFBC}") = "FridgeManager", "FridgeManager\FridgeManager.csproj", "{BAA57DB3-E97F-4FBD-9CE0-E88152C1F06A}"
EndProject
Global
	GlobalSection(SolutionConfigurationPlatforms) = preSolution
		Debug|Any CPU = Debug|Any CPU
		Release|Any CPU = Release|Any CPU
	EndGlobalSection
	GlobalSection(ProjectConfigurationPlatforms) = postSolution
		{BAA57DB3-E97F-4FBD-9CE0-E88152C1F06A}.Debug|Any CPU.ActiveCfg = Debug|Any CPU
		{BAA57DB3-E97F-4FBD-9CE0-E88152C1F06A}.Debug|Any CPU.Build.0 = Debug|Any CPU
		{BAA57DB3-E97F-4FBD-9CE0-E88152C1F06A}.Release|Any CPU.ActiveCfg = Release|Any CPU
		{BAA57DB3-E97F-4FBD-9CE0-E88152C1F06A}.Release|Any CPU.Build.0 = Release|Any CPU
	EndGlobalSection
	GlobalSection(SolutionProperties) = preSolution
		HideSolutionNode = FALSE
	EndGlobalSection
	GlobalSection(ExtensibilityGlobals) = postSolution
		SolutionGuid = {A129CF7C-DA0F-4A46-8F87-0D9BAE72ACF2}
	EndGlobalSection
EndGlobal
